
Microsoft Visual Studio Solution File, Format Version 12.00
# Visual Studio Version 18
VisualStudioVersion = 18.6.11806.211 stable
MinimumVisualStudioVersion = 10.0.40219.1
Project("{FAE04EC0-301F-11D3-BF4B-00C04F79EFBC}") = "AduanasExpress.API", "AduanasExpress.API\AduanasExpress.API.csproj", "{59D6F17E-93D5-449D-9547-1764C1A39002}"
EndProject
Project("{FAE04EC0-301F-11D3-BF4B-00C04F79EFBC}") = "AduanasExpress.Application", "AduanasExpress.Application\AduanasExpress.Application.csproj", "{461B49AD-926B-4582-AC5D-AF1C1AFCB65D}"
EndProject
Project("{FAE04EC0-301F-11D3-BF4B-00C04F79EFBC}") = "AduanasExpress.Domain", "AduanasExpress.Domain\AduanasExpress.Domain.csproj", "{626FE401-F4AF-4836-B216-020DAB9A7DAD}"
EndProject
Project("{FAE04EC0-301F-11D3-BF4B-00C04F79EFBC}") = "AduanasExpress.Infrastructure", "AduanasExpress.Infrastructure\AduanasExpress.Infrastructure.csproj", "{4C327626-AB47-4274-913C-567665C04AF4}"
EndProject
Project("{FAE04EC0-301F-11D3-BF4B-00C04F79EFBC}") = "AduanasExpress.Tests", "AduanasExpress.Tests\AduanasExpress.Tests.csproj", "{460513A6-7371-92FF-2E30-49CF3B578DF9}"
EndProject
Global
	GlobalSection(SolutionConfigurationPlatforms) = preSolution
		Debug|Any CPU = Debug|Any CPU
		Release|Any CPU = Release|Any CPU
	EndGlobalSection
	GlobalSection(ProjectConfigurationPlatforms) = postSolution
		{59D6F17E-93D5-449D-9547-1764C1A39002}.Debug|Any CPU.ActiveCfg = Debug|Any CPU
		{59D6F17E-93D5-449D-9547-1764C1A39002}.Debug|Any CPU.Build.0 = Debug|Any CPU
		{59D6F17E-93D5-449D-9547-1764C1A39002}.Release|Any CPU.ActiveCfg = Release|Any CPU
		{59D6F17E-93D5-449D-9547-1764C1A39002}.Release|Any CPU.Build.0 = Release|Any CPU
		{461B49AD-926B-4582-AC5D-AF1C1AFCB65D}.Debug|Any CPU.ActiveCfg = Debug|Any CPU
		{461B49AD-926B-4582-AC5D-AF1C1AFCB65D}.Debug|Any CPU.Build.0 = Debug|Any CPU
		{461B49AD-926B-4582-AC5D-AF1C1AFCB65D}.Release|Any CPU.ActiveCfg = Release|Any CPU
		{461B49AD-926B-4582-AC5D-AF1C1AFCB65D}.Release|Any CPU.Build.0 = Release|Any CPU
		{626FE401-F4AF-4836-B216-020DAB9A7DAD}.Debug|Any CPU.ActiveCfg = Debug|Any CPU
		{626FE401-F4AF-4836-B216-020DAB9A7DAD}.Debug|Any CPU.Build.0 = Debug|Any CPU
		{626FE401-F4AF-4836-B216-020DAB9A7DAD}.Release|Any CPU.ActiveCfg = Release|Any CPU
		{626FE401-F4AF-4836-B216-020DAB9A7DAD}.Release|Any CPU.Build.0 = Release|Any CPU
		{4C327626-AB47-4274-913C-567665C04AF4}.Debug|Any CPU.ActiveCfg = Debug|Any CPU
		{4C327626-AB47-4274-913C-567665C04AF4}.Debug|Any CPU.Build.0 = Debug|Any CPU
		{4C327626-AB47-4274-913C-567665C04AF4}.Release|Any CPU.ActiveCfg = Release|Any CPU
		{4C327626-AB47-4274-913C-567665C04AF4}.Release|Any CPU.Build.0 = Release|Any CPU
		{460513A6-7371-92FF-2E30-49CF3B578DF9}.Debug|Any CPU.ActiveCfg = Debug|Any CPU
		{460513A6-7371-92FF-2E30-49CF3B578DF9}.Debug|Any CPU.Build.0 = Debug|Any CPU
		{460513A6-7371-92FF-2E30-49CF3B578DF9}.Release|Any CPU.ActiveCfg = Release|Any CPU
		{460513A6-7371-92FF-2E30-49CF3B578DF9}.Release|Any CPU.Build.0 = Release|Any CPU
	EndGlobalSection
	GlobalSection(SolutionProperties) = preSolution
		HideSolutionNode = FALSE
	EndGlobalSection
EndGlobal
